{
  "name": "spike",
  "version": "1.0.0",
  "lockfileVersion": 3,
  "requires": true,
  "packages": {
    "": {
      "name": "spike",
      "version": "1.0.0",
      "license": "ISC",
      "dependencies": {
        "@types/ws": "^8.18.2",
        "@yume-chan/adb": "^2.6.4",
        "@yume-chan/adb-scrcpy": "^2.3.2",
        "@yume-chan/adb-server-node-tcp": "^2.5.2",
        "@yume-chan/scrcpy": "^2.3.0",
        "@yume-chan/scrcpy-decoder-webcodecs": "^2.5.3",
        "ws": "^8.22.0"
      }
    },
    "node_modules/@types/node": {
      "version": "26.6.3",
      "resolved": "https://registry.npmjs.org/@types/node/-/node-26.6.3.tgz",
      "integrity": "sha512-dsqMQQoeTLqu9wynDD00q573mNzso3IdQOAfHRJqLCcmCFPoGo9A1bDpUcv/9tnKpErQWv9uKeGfl37EIS02Yg==",
      "license": "MIT",
      "dependencies": {
        "undici-types": "~8.9.0"
      }
    },
    "node_modules/@types/ws": {
      "version": "8.18.2",
      "resolved": "https://registry.npmjs.org/@types/ws/-/ws-8.18.2.tgz",
      "integrity": "sha512-67MQl+fpWKVTT1NYdnmo3U4sc/xPo/zQBncVnI74qmQa0z/b+1g6iYqNmGCPbxO+zz2aklb08a0oHfegiVd0/w==",
      "license": "MIT",
      "dependencies": {
        "@types/node": "*"
      }
    },
    "node_modules/@yume-chan/adb": {
      "version": "2.6.4",
      "resolved": "https://registry.npmjs.org/@yume-chan/adb/-/adb-2.6.4.tgz",
      "integrity": "sha512-aaN21ZOLjWW1nC09C21f0yQkCqxkuMWMqheryGEbmGLPhuzIyOhTurJK8cXh5ZnQ+ptdKBexqvoG6zYoul9XPA==",
      "license": "MIT",
      "dependencies": {
        "@yume-chan/async": "^4.1.3",
        "@yume-chan/event": "^2.0.0",
        "@yume-chan/no-data-view": "^2.0.0",
        "@yume-chan/stream-extra": "^2.6.1",
        "@yume-chan/struct": "^2.3.2"
      }
    },
    "node_modules/@yume-chan/adb-scrcpy": {
      "version": "2.3.2",
      "resolved": "https://registry.npmjs.org/@yume-chan/adb-scrcpy/-/adb-scrcpy-2.3.2.tgz",
      "integrity": "sha512-wg45dep+dYy4MAVMtsooPAo/aXKiGbpGHzcQWoHnl4uE4YJKrZK0sK5L++rPNM0WbwlPdSpZ32jMJT+i0u1Mdw==",
      "license": "MIT",
      "dependencies": {
        "@yume-chan/adb": "^2.3.1",
        "@yume-chan/async": "^4.1.3",
        "@yume-chan/event": "^2.0.0",
        "@yume-chan/scrcpy": "^2.3.0",
        "@yume-chan/stream-extra": "^2.1.0",
        "@yume-chan/struct": "^2.3.2"
      }
    },
    "node_modules/@yume-chan/adb-server-node-tcp": {
      "version": "2.5.2",
      "resolved": "https://registry.npmjs.org/@yume-chan/adb-server-node-tcp/-/adb-server-node-tcp-2.5.2.tgz",
      "integrity": "sha512-ga9icFBRUk1n6lO+ymlj83qE+90kMLV8sQA3w9mZAisfdxxEEIq1cvXitFQJvDgL0NuFQruVI4JoZA/wrgpKOw==",
      "license": "MIT",
      "dependencies": {
        "@yume-chan/adb": "^2.5.1",
        "@yume-chan/async": "^4.1.3",
        "@yume-chan/stream-extra": "^2.1.0",
        "@yume-chan/struct": "^2.3.2"
      }
    },
    "node_modules/@yume-chan/async": {
      "version": "4.1.3",
      "resolved": "https://registry.npmjs.org/@yume-chan/async/-/async-4.1.3.tgz",
      "integrity": "sha512-0vzhNJMkWUPyjKzUK4rqHEeCU6YQtF78RsB1kFRB6Y2BLupmEQNxcSb0mjKabPL9jZpCCiLa5KL8oTOJClUVaw==",
      "license": "MIT"
    },
    "node_modules/@yume-chan/event": {
      "version": "2.0.0",
      "resolved": "https://registry.npmjs.org/@yume-chan/event/-/event-2.0.0.tgz",
      "integrity": "sha512-z56MDOcX1QlgLUCuA6th3r10negVb7A3gzY//TwSC9ZOvzuRlrAqXcxZf1T3hHfNMk/NFO9RIgQgegXYSfaqLw==",
      "license": "MIT",
      "dependencies": {
        "@yume-chan/async": "^4.0.2"
      }
    },
    "node_modules/@yume-chan/no-data-view": {
      "version": "2.0.0",
      "resolved": "https://registry.npmjs.org/@yume-chan/no-data-view/-/no-data-view-2.0.0.tgz",
      "integrity": "sha512-0GRJrrt6wtZlbiE92jocHOnaAvjQ+Y7xwwhwOPqLkwf90Kj1JIHJ5Zh4wJVQSQIkzfRSOpM+jeEQdC2K15snlA==",
      "license": "MIT"
    },
    "node_modules/@yume-chan/scrcpy": {
      "version": "2.3.0",
      "resolved": "https://registry.npmjs.org/@yume-chan/scrcpy/-/scrcpy-2.3.0.tgz",
      "integrity": "sha512-rpsNvy7H8mf6gVsWYRSkIXmk0wVsP3XOdw3kASokwZkSWtygB2Z1wjoPaEAvaayVCjsz+y/YfG35TOcykEihGw==",
      "license": "MIT",
      "dependencies": {
        "@yume-chan/async": "^4.1.3",
        "@yume-chan/no-data-view": "^2.0.0",
        "@yume-chan/stream-extra": "^2.1.0",
        "@yume-chan/struct": "^2.0.1"
      }
    },
    "node_modules/@yume-chan/scrcpy-decoder-tinyh264": {
      "version": "2.1.0",
      "resolved": "https://registry.npmjs.org/@yume-chan/scrcpy-decoder-tinyh264/-/scrcpy-decoder-tinyh264-2.1.0.tgz",
      "integrity": "sha512-Ou2ejwUZEUlwyorqzjzN6Y3YqMZvAmUi2jK9QsPBbQIVDYu/kbql5l5aXJzatgURTmxbf5HvGnOuEDFzJMqGsQ==",
      "license": "MIT",
      "dependencies": {
        "@yume-chan/async": "^4.1.3",
        "@yume-chan/event": "^2.0.0",
        "@yume-chan/scrcpy": "^2.1.0",
        "@yume-chan/stream-extra": "^2.1.0",
        "tinyh264": "^0.0.7",
        "yuv-buffer": "^1.0.1",
        "yuv-canvas": "^1.3.0"
      }
    },
    "node_modules/@yume-chan/scrcpy-decoder-webcodecs": {
      "version": "2.5.3",
      "resolved": "https://registry.npmjs.org/@yume-chan/scrcpy-decoder-webcodecs/-/scrcpy-decoder-webcodecs-2.5.3.tgz",
      "integrity": "sha512-iHKKVrEd0JP1x4+MSkKKD6beiwf9wqViGdAzvXTb3BMTYyvJXoihiESaUDVDkesGp2n+mtEKQ237V02wbzkmcw==",
      "license": "MIT",
      "dependencies": {
        "@yume-chan/async": "^4.1.3",
        "@yume-chan/event": "^2.0.0",
        "@yume-chan/no-data-view": "^2.0.0",
        "@yume-chan/scrcpy": "^2.3.0",
        "@yume-chan/scrcpy-decoder-tinyh264": "^2.1.0",
        "@yume-chan/stream-extra": "^2.5.3"
      }
    },
    "node_modules/@yume-chan/stream-extra": {
      "version": "2.6.1",
      "resolved": "https://registry.npmjs.org/@yume-chan/stream-extra/-/stream-extra-2.6.1.tgz",
      "integrity": "sha512-GQ+Q0SQf9p6Fl7ZK0UO5vHVGBJgkTJm/WXKurUMpjHQV4VUpjZ2hrQ744aCfT7WwSol7Bz/uEiXWmk240Hr/hg==",
      "license": "MIT",
      "dependencies": {
        "@yume-chan/async": "^4.1.3",
        "@yume-chan/struct": "^2.3.2"
      }
    },
    "node_modules/@yume-chan/struct": {
      "version": "2.3.2",
      "resolved": "https://registry.npmjs.org/@yume-chan/struct/-/struct-2.3.2.tgz",
      "integrity": "sha512-afoCnSKV+5HRK7e4innVd9YTYDyNWdjA1CVQa1j8rWYnmr7HGZfdkHMQr+AESLk6GxWFMzOIPQIG6nYOTGMFIw==",
      "license": "MIT",
      "dependencies": {
        "@yume-chan/async": "^4.1.3",
        "@yume-chan/no-data-view": "^2.0.0"
      }
    },
    "node_modules/tinyh264": {
      "version": "0.0.7",
      "resolved": "https://registry.npmjs.org/tinyh264/-/tinyh264-0.0.7.tgz",
      "integrity": "sha512-etkBRgYkSFBdAi2Cqk4sZgi+xWs/vhzNgvjO3z2i4WILeEmORiNqxuQ4URJatrWQ9LPNV3WPWAtzsh/LA/XL/g==",
      "license": "Apache-2.0"
    },
    "node_modules/undici-types": {
      "version": "8.9.0",
      "resolved": "https://registry.npmjs.org/undici-types/-/undici-types-8.9.0.tgz",
      "integrity": "sha512-KTDyRTYX8sWmKXAikPHHSyc63CRPETMctyjKFupcC6OBLXT3xsN0e9aF7m+mIXutFWpUXuedtowG7iLOzp0kQg==",
      "license": "MIT"
    },
    "node_modules/ws": {
      "version": "8.22.0",
      "resolved": "https://registry.npmjs.org/ws/-/ws-8.22.0.tgz",
      "integrity": "sha512-Ydggc987+RO0AnWtZ/7Wq9FtNvcrL1b/RO0ud9mWjUPgDrsAAwQSF51sm2hm1XofbU/4jkpGEsLFsZZxU+1DOg==",
      "license": "MIT",
      "engines": {
        "node": ">=10.0.0"
      },
      "peerDependencies": {
        "bufferutil": "^4.0.1",
        "utf-8-validate": ">=5.0.2"
      },
      "peerDependenciesMeta": {
        "bufferutil": {
          "optional": true
        },
        "utf-8-validate": {
          "optional": true
        }
      }
    },
    "node_modules/yuv-buffer": {
      "version": "1.0.1",
      "resolved": "https://registry.npmjs.org/yuv-buffer/-/yuv-buffer-1.0.1.tgz",
      "integrity": "sha512-1clmBXOyTX2R8OG0vaTFu5yP/C2XG4ULe+2HUu7c/aYE1fWpKvkGEzqMhUjknXp1Ts6Xfrc0YtIBbYxvaau38Q==",
      "license": "MIT"
    },
    "node_modules/yuv-canvas": {
      "version": "1.3.0",
      "resolved": "https://registry.npmjs.org/yuv-canvas/-/yuv-canvas-1.3.0.tgz",
      "integrity": "sha512-zwl+lJgy23iTyCCUZbi0IRP+WezeKNeGEFU+a0gmtVRa81zL6mKJVxr+NKzlveJ2okz4aIOUEPrTs6yjuPt+Cg==",
      "license": "MIT"
    }
  }
}
